// !$*UTF8*$!
{
	archiveVersion = 1;
	classes = {
	};
	objectVersion = 50;
	objects = {

/* Begin PBXBuildFile section */
		18E3D57326B2FA4600BF3545 /* AppDelegate.swift in Sources */ = {isa = PBXBuildFile; fileRef = 18E3D57226B2FA4600BF3545 /* AppDelegate.swift */; };
		18E3D57526B2FA4600BF3545 /* SceneDelegate.swift in Sources */ = {isa = PBXBuildFile; fileRef = 18E3D57426B2FA4600BF3545 /* SceneDelegate.swift */; };
		18E3D57726B2FA4600BF3545 /* ViewController.swift in Sources */ = {isa = PBXBuildFile; fileRef = 18E3D57626B2FA4600BF3545 /* ViewController.swift */; };
		18E3D57A26B2FA4600BF3545 /* Main.storyboard in Resources */ = {isa = PBXBuildFile; fileRef = 18E3D57826B2FA4600BF3545 /* Main.storyboard */; };
		18E3D57C26B2FA4700BF3545 /* Assets.xcassets in Resources */ = {isa = PBXBuildFile; fileRef = 18E3D57B26B2FA4700BF3545 /* Assets.xcassets */; };
		18E3D57F26B2FA4700BF3545 /* LaunchScreen.storyboard in Resources */ = {isa = PBXBuildFile; fileRef = 18E3D57D26B2FA4700BF3545 /* LaunchScreen.storyboard */; };
		18E3D58A26B2FA4700BF3545 /* BasicIOS_tutorial_AutoLayoutTests.swift in Sources */ = {isa = PBXBuildFile; fileRef = 18E3D58926B2FA4700BF3545 /* BasicIOS_tutorial_AutoLayoutTests.swift */; };
		18E3D59526B2FA4700BF3545 /* BasicIOS_tutorial_AutoLayoutUITests.swift in Sources */ = {isa = PBXBuildFile; fileRef = 18E3D59426B2FA4700BF3545 /* BasicIOS_tutorial_AutoLayoutUITests.swift */; };
		18E3D5A526B30D5D00BF3545 /* DemoViewController.swift in Sources */ = {isa = PBXBuildFile; fileRef = 18E3D5A326B30D5D00BF3545 /* DemoViewController.swift */; };
		18E3D5A626B30D5D00BF3545 /* DemoViewController.xib in Resources */ = {isa = PBXBuildFile; fileRef = 18E3D5A426B30D5D00BF3545 /* DemoViewController.xib */; };
/* End PBXBuildFile section */

/* Begin PBXContainerItemProxy section */
		18E3D58626B2FA4700BF3545 /* PBXContainerItemProxy */ = {
			isa = PBXContainerItemProxy;
			containerPortal = 18E3D56726B2FA4600BF3545 /* Project object */;
			proxyType = 1;
			remoteGlobalIDString = 18E3D56E26B2FA4600BF3545;
			remoteInfo = "BasicIOS-tutorial-AutoLayout";
		};
		18E3D59126B2FA4700BF3545 /* PBXContainerItemProxy */ = {
			isa = PBXContainerItemProxy;
			containerPortal = 18E3D56726B2FA4600BF3545 /* Project object */;
			proxyType = 1;
			remoteGlobalIDString = 18E3D56E26B2FA4600BF3545;
			remoteInfo = "BasicIOS-tutorial-AutoLayout";
		};
/* End PBXContainerItemProxy section */

/* Begin PBXFileReference section */
		18E3D56F26B2FA4600BF3545 /* BasicIOS-tutorial-AutoLayout.app */ = {isa = PBXFileReference; explicitFileType = wrapper.application; includeInIndex = 0; path = "BasicIOS-tutorial-AutoLayout.app"; sourceTree = BUILT_PRODUCTS_DIR; };
		18E3D57226B2FA4600BF3545 /* AppDelegate.swift */ = {isa = PBXFileReference; lastKnownFileType = sourcecode.swift; path = AppDelegate.swift; sourceTree = "<group>"; };
		18E3D57426B2FA4600BF3545 /* SceneDelegate.swift */ = {isa = PBXFileReference; lastKnownFileType = sourcecode.swift; path = SceneDelegate.swift; sourceTree = "<group>"; };
		18E3D57626B2FA4600BF3545 /* ViewController.swift */ = {isa = PBXFileReference; lastKnownFileType = sourcecode.swift; path = ViewController.swift; sourceTree = "<group>"; };
		18E3D57926B2FA4600BF3545 /* Base */ = {isa = PBXFileReference; lastKnownFileType = file.storyboard; name = Base; path = Base.lproj/Main.storyboard; sourceTree = "<group>"; };
		18E3D57B26B2FA4700BF3545 /* Assets.xcassets */ = {isa = PBXFileReference; lastKnownFileType = folder.assetcatalog; path = Assets.xcassets; sourceTree = "<group>"; };
		18E3D57E26B2FA4700BF3545 /* Base */ = {isa = PBXFileReference; lastKnownFileType = file.storyboard; name = Base; path = Base.lproj/LaunchScreen.storyboard; sourceTree = "<group>"; };
		18E3D58026B2FA4700BF3545 /* Info.plist */ = {isa = PBXFileReference; lastKnownFileType = text.plist.xml; path = Info.plist; sourceTree = "<group>"; };
		18E3D58526B2FA4700BF3545 /* BasicIOS-tutorial-AutoLayoutTests.xctest */ = {isa = PBXFileReference; explicitFileType = wrapper.cfbundle; includeInIndex = 0; path = "BasicIOS-tutorial-AutoLayoutTests.xctest"; sourceTree = BUILT_PRODUCTS_DIR; };
		18E3D58926B2FA4700BF3545 /* BasicIOS_tutorial_AutoLayoutTests.swift */ = {isa = PBXFileReference; lastKnownFileType = sourcecode.swift; path = BasicIOS_tutorial_AutoLayoutTests.swift; sourceTree = "<group>"; };
		18E3D58B26B2FA4700BF3545 /* Info.plist */ = {isa = PBXFileReference; lastKnownFileType = text.plist.xml; path = Info.plist; sourceTree = "<group>"; };
		18E3D59026B2FA4700BF3545 /* BasicIOS-tutorial-AutoLayoutUITests.xctest */ = {isa = PBXFileReference; explicitFileType = wrapper.cfbundle; includeInIndex = 0; path = "BasicIOS-tutorial-AutoLayoutUITests.xctest"; sourceTree = BUILT_PRODUCTS_DIR; };
		18E3D59426B2FA4700BF3545 /* BasicIOS_tutorial_AutoLayoutUITests.swift */ = {isa = PBXFileReference; lastKnownFileType = sourcecode.swift; path = BasicIOS_tutorial_AutoLayoutUITests.swift; sourceTree = "<group>"; };
		18E3D59626B2FA4700BF3545 /* Info.plist */ = {isa = PBXFileReference; lastKnownFileType = text.plist.xml; path = Info.plist; sourceTree = "<group>"; };
		18E3D5A326B30D5D00BF3545 /* DemoViewController.swift */ = {isa = PBXFileReference; lastKnownFileType = sourcecode.swift; path = DemoViewController.swift; sourceTree = "<group>"; };
		18E3D5A426B30D5D00BF3545 /* DemoViewController.xib */ = {isa = PBXFileReference; lastKnownFileType = file.xib; path = DemoViewController.xib; sourceTree = "<group>"; };
/* End PBXFileReference section */

/* Begin PBXFrameworksBuildPhase section */
		18E3D56C26B2FA4600BF3545 /* Frameworks */ = {
			isa = PBXFrameworksBuildPhase;
			buildActionMask = 2147483647;
			files = (
			);
			runOnlyForDeploymentPostprocessing = 0;
		};
		18E3D58226B2FA4700BF3545 /* Frameworks */ = {
			isa = PBXFrameworksBuildPhase;
			buildActionMask = 2147483647;
			files = (
			);
			runOnlyForDeploymentPostprocessing = 0;
		};
		18E3D58D26B2FA4700BF3545 /* Frameworks */ = {
			isa = PBXFrameworksBuildPhase;
			buildActionMask = 2147483647;
			files = (
			);
			runOnlyForDeploymentPostprocessing = 0;
		};
/* End PBXFrameworksBuildPhase section */

/* Begin PBXGroup section */
		18E3D56626B2FA4600BF3545 = {
			isa = PBXGroup;
			children = (
				18E3D57126B2FA4600BF3545 /* BasicIOS-tutorial-AutoLayout */,
				18E3D58826B2FA4700BF3545 /* BasicIOS-tutorial-AutoLayoutTests */,
				18E3D59326B2FA4700BF3545 /* BasicIOS-tutorial-AutoLayoutUITests */,
				18E3D57026B2FA4600BF3545 /* Products */,
			);
			sourceTree = "<group>";
		};
		18E3D57026B2FA4600BF3545 /* Products */ = {
			isa = PBXGroup;
			children = (
				18E3D56F26B2FA4600BF3545 /* BasicIOS-tutorial-AutoLayout.app */,
				18E3D58526B2FA4700BF3545 /* BasicIOS-tutorial-AutoLayoutTests.xctest */,
				18E3D59026B2FA4700BF3545 /* BasicIOS-tutorial-AutoLayoutUITests.xctest */,
			);
			name = Products;
			sourceTree = "<group>";
		};
		18E3D57126B2FA4600BF3545 /* BasicIOS-tutorial-AutoLayout */ = {
			isa = PBXGroup;
			children = (
				18E3D5A226B30D4500BF3545 /* Demo */,
				18E3D57226B2FA4600BF3545 /* AppDelegate.swift */,
				18E3D57426B2FA4600BF3545 /* SceneDelegate.swift */,
				18E3D57626B2FA4600BF3545 /* ViewController.swift */,
				18E3D57826B2FA4600BF3545 /* Main.storyboard */,
				18E3D57B26B2FA4700BF3545 /* Assets.xcassets */,
				18E3D57D26B2FA4700BF3545 /* LaunchScreen.storyboard */,
				18E3D58026B2FA4700BF3545 /* Info.plist */,
			);
			path = "BasicIOS-tutorial-AutoLayout";
			sourceTree = "<group>";
		};
		18E3D58826B2FA4700BF3545 /* BasicIOS-tutorial-AutoLayoutTests */ = {
			isa = PBXGroup;
			children = (
				18E3D58926B2FA4700BF3545 /* BasicIOS_tutorial_AutoLayoutTests.swift */,
				18E3D58B26B2FA4700BF3545 /* Info.plist */,
			);
			path = "BasicIOS-tutorial-AutoLayoutTests";
			sourceTree = "<group>";
		};
		18E3D59326B2FA4700BF3545 /* BasicIOS-tutorial-AutoLayoutUITests */ = {
			isa = PBXGroup;
			children = (
				18E3D59426B2FA4700BF3545 /* BasicIOS_tutorial_AutoLayoutUITests.swift */,
				18E3D59626B2FA4700BF3545 /* Info.plist */,
			);
			path = "BasicIOS-tutorial-AutoLayoutUITests";
			sourceTree = "<group>";
		};
		18E3D5A226B30D4500BF3545 /* Demo */ = {
			isa = PBXGroup;
			children = (
				18E3D5A326B30D5D00BF3545 /* DemoViewController.swift */,
				18E3D5A426B30D5D00BF3545 /* DemoViewController.xib */,
			);
			path = Demo;
			sourceTree = "<group>";
		};
/* End PBXGroup section */

/* Begin PBXNativeTarget section */
		18E3D56E26B2FA4600BF3545 /* BasicIOS-tutorial-AutoLayout */ = {
			isa = PBXNativeTarget;
			buildConfigurationList = 18E3D59926B2FA4700BF3545 /* Build configuration list for PBXNativeTarget "BasicIOS-tutorial-AutoLayout" */;
			buildPhases = (
				18E3D56B26B2FA4600BF3545 /* Sources */,
				18E3D56C26B2FA4600BF3545 /* Frameworks */,
				18E3D56D26B2FA4600BF3545 /* Resources */,
			);
			buildRules = (
			);
			dependencies = (
			);
			name = "BasicIOS-tutorial-AutoLayout";
			productName = "BasicIOS-tutorial-AutoLayout";
			productReference = 18E3D56F26B2FA4600BF3545 /* BasicIOS-tutorial-AutoLayout.app */;
			productType = "com.apple.product-type.application";
		};
		18E3D58426B2FA4700BF3545 /* BasicIOS-tutorial-AutoLayoutTests */ = {
			isa = PBXNativeTarget;
			buildConfigurationList = 18E3D59C26B2FA4700BF3545 /* Build configuration list for PBXNativeTarget "BasicIOS-tutorial-AutoLayoutTests" */;
			buildPhases = (
				18E3D58126B2FA4700BF3545 /* Sources */,
				18E3D58226B2FA4700BF3545 /* Frameworks */,
				18E3D58326B2FA4700BF3545 /* Resources */,
			);
			buildRules = (
			);
			dependencies = (
				18E3D58726B2FA4700BF3545 /* PBXTargetDependency */,
			);
			name = "BasicIOS-tutorial-AutoLayoutTests";
			productName = "BasicIOS-tutorial-AutoLayoutTests";
			productReference = 18E3D58526B2FA4700BF3545 /* BasicIOS-tutorial-AutoLayoutTests.xctest */;
			productType = "com.apple.product-type.bundle.unit-test";
		};
		18E3D58F26B2FA4700BF3545 /* BasicIOS-tutorial-AutoLayoutUITests */ = {
			isa = PBXNativeTarget;
			buildConfigurationList = 18E3D59F26B2FA4700BF3545 /* Build configuration list for PBXNativeTarget "BasicIOS-tutorial-AutoLayoutUITests" */;
			buildPhases = (
				18E3D58C26B2FA4700BF3545 /* Sources */,
				18E3D58D26B2FA4700BF3545 /* Frameworks */,
				18E3D58E26B2FA4700BF3545 /* Resources */,
			);
			buildRules = (
			);
			dependencies = (
				18E3D59226B2FA4700BF3545 /* PBXTargetDependency */,
			);
			name = "BasicIOS-tutorial-AutoLayoutUITests";
			productName = "BasicIOS-tutorial-AutoLayoutUITests";
			productReference = 18E3D59026B2FA4700BF3545 /* BasicIOS-tutorial-AutoLayoutUITests.xctest */;
			productType = "com.apple.product-type.bundle.ui-testing";
		};
/* End PBXNativeTarget section */

/* Begin PBXProject section */
		18E3D56726B2FA4600BF3545 /* Project object */ = {
			isa = PBXProject;
			attributes = {
				LastSwiftUpdateCheck = 1250;
				LastUpgradeCheck = 1250;
				TargetAttributes = {
					18E3D56E26B2FA4600BF3545 = {
						CreatedOnToolsVersion = 12.5.1;
					};
					18E3D58426B2FA4700BF3545 = {
						CreatedOnToolsVersion = 12.5.1;
						TestTargetID = 18E3D56E26B2FA4600BF3545;
					};
					18E3D58F26B2FA4700BF3545 = {
						CreatedOnToolsVersion = 12.5.1;
						TestTargetID = 18E3D56E26B2FA4600BF3545;
					};
				};
			};
			buildConfigurationList = 18E3D56A26B2FA4600BF3545 /* Build configuration list for PBXProject "BasicIOS-tutorial-AutoLayout" */;
			compatibilityVersion = "Xcode 9.3";
			developmentRegion = en;
			hasScannedForEncodings = 0;
			knownRegions = (
				en,
				Base,
			);
			mainGroup = 18E3D56626B2FA4600BF3545;
			productRefGroup = 18E3D57026B2FA4600BF3545 /* Products */;
			projectDirPath = "";
			projectRoot = "";
			targets = (
				18E3D56E26B2FA4600BF3545 /* BasicIOS-tutorial-AutoLayout */,
				18E3D58426B2FA4700BF3545 /* BasicIOS-tutorial-AutoLayoutTests */,
				18E3D58F26B2FA4700BF3545 /* BasicIOS-tutorial-AutoLayoutUITests */,
			);
		};
/* End PBXProject section */

/* Begin PBXResourcesBuildPhase section */
		18E3D56D26B2FA4600BF3545 /* Resources */ = {
			isa = PBXResourcesBuildPhase;
			buildActionMask = 2147483647;
			files = (
				18E3D57F26B2FA4700BF3545 /* LaunchScreen.storyboard in Resources */,
				18E3D57C26B2FA4700BF3545 /* Assets.xcassets in Resources */,
				18E3D57A26B2FA4600BF3545 /* Main.storyboard in Resources */,
				18E3D5A626B30D5D00BF3545 /* DemoViewController.xib in Resources */,
			);
			runOnlyForDeploymentPostprocessing = 0;
		};
		18E3D58326B2FA4700BF3545 /* Resources */ = {
			isa = PBXResourcesBuildPhase;
			buildActionMask = 2147483647;
			files = (
			);
			runOnlyForDeploymentPostprocessing = 0;
		};
		18E3D58E26B2FA4700BF3545 /* Resources */ = {
			isa = PBXResourcesBuildPhase;
			buildActionMask = 2147483647;
			files = (
			);
			runOnlyForDeploymentPostprocessing = 0;
		};
/* End PBXResourcesBuildPhase section */

/* Begin PBXSourcesBuildPhase section */
		18E3D56B26B2FA4600BF3545 /* Sources */ = {
			isa = PBXSourcesBuildPhase;
			buildActionMask = 2147483647;
			files = (
				18E3D57726B2FA4600BF3545 /* ViewController.swift in Sources */,
				18E3D57326B2FA4600BF3545 /* AppDelegate.swift in Sources */,
				18E3D57526B2FA4600BF3545 /* SceneDelegate.swift in Sources */,
				18E3D5A526B30D5D00BF3545 /* DemoViewController.swift in Sources */,
			);
			runOnlyForDeploymentPostprocessing = 0;
		};
		18E3D58126B2FA4700BF3545 /* Sources */ = {
			isa = PBXSourcesBuildPhase;
			buildActionMask = 2147483647;
			files = (
				18E3D58A26B2FA4700BF3545 /* BasicIOS_tutorial_AutoLayoutTests.swift in Sources */,
			);
			runOnlyForDeploymentPostprocessing = 0;
		};
		18E3D58C26B2FA4700BF3545 /* Sources */ = {
			isa = PBXSourcesBuildPhase;
			buildActionMask = 2147483647;
			files = (
				18E3D59526B2FA4700BF3545 /* BasicIOS_tutorial_AutoLayoutUITests.swift in Sources */,
			);
			runOnlyForDeploymentPostprocessing = 0;
		};
/* End PBXSourcesBuildPhase section */

/* Begin PBXTargetDependency section */
		18E3D58726B2FA4700BF3545 /* PBXTargetDependency */ = {
			isa = PBXTargetDependency;
			target = 18E3D56E26B2FA4600BF3545 /* BasicIOS-tutorial-AutoLayout */;
			targetProxy = 18E3D58626B2FA4700BF3545 /* PBXContainerItemProxy */;
		};
		18E3D59226B2FA4700BF3545 /* PBXTargetDependency */ = {
			isa = PBXTargetDependency;
			target = 18E3D56E26B2FA4600BF3545 /* BasicIOS-tutorial-AutoLayout */;
			targetProxy = 18E3D59126B2FA4700BF3545 /* PBXContainerItemProxy */;
		};
/* End PBXTargetDependency section */

/* Begin PBXVariantGroup section */
		18E3D57826B2FA4600BF3545 /* Main.storyboard */ = {
			isa = PBXVariantGroup;
			children = (
				18E3D57926B2FA4600BF3545 /* Base */,
			);
			name = Main.storyboard;
			sourceTree = "<group>";
		};
		18E3D57D26B2FA4700BF3545 /* LaunchScreen.storyboard */ = {
			isa = PBXVariantGroup;
			children = (
				18E3D57E26B2FA4700BF3545 /* Base */,
			);
			name = LaunchScreen.storyboard;
			sourceTree = "<group>";
		};
/* End PBXVariantGroup section */

/* Begin XCBuildConfiguration section */
		18E3D59726B2FA4700BF3545 /* Debug */ = {
			isa = XCBuildConfiguration;
			buildSettings = {
				ALWAYS_SEARCH_USER_PATHS = NO;
				CLANG_ANALYZER_NONNULL = YES;
				CLANG_ANALYZER_NUMBER_OBJECT_CONVERSION = YES_AGGRESSIVE;
				CLANG_CXX_LANGUAGE_STANDARD = "gnu++14";
				CLANG_CXX_LIBRARY = "libc++";
				CLANG_ENABLE_MODULES = YES;
				CLANG_ENABLE_OBJC_ARC = YES;
				CLANG_ENABLE_OBJC_WEAK = YES;
				CLANG_WARN_BLOCK_CAPTURE_AUTORELEASING = YES;
				CLANG_WARN_BOOL_CONVERSION = YES;
				CLANG_WARN_COMMA = YES;
				CLANG_WARN_CONSTANT_CONVERSION = YES;
				CLANG_WARN_DEPRECATED_OBJC_IMPLEMENTATIONS = YES;
				CLANG_WARN_DIRECT_OBJC_ISA_USAGE = YES_ERROR;
				CLANG_WARN_DOCUMENTATION_COMMENTS = YES;
				CLANG_WARN_EMPTY_BODY = YES;
				CLANG_WARN_ENUM_CONVERSION = YES;
				CLANG_WARN_INFINITE_RECURSION = YES;
				CLANG_WARN_INT_CONVERSION = YES;
				CLANG_WARN_NON_LITERAL_NULL_CONVERSION = YES;
				CLANG_WARN_OBJC_IMPLICIT_RETAIN_SELF = YES;
				CLANG_WARN_OBJC_LITERAL_CONVERSION = YES;
				CLANG_WARN_OBJC_ROOT_CLASS = YES_ERROR;
				CLANG_WARN_QUOTED_INCLUDE_IN_FRAMEWORK_HEADER = YES;
				CLANG_WARN_RANGE_LOOP_ANALYSIS = YES;
				CLANG_WARN_STRICT_PROTOTYPES = YES;
				CLANG_WARN_SUSPICIOUS_MOVE = YES;
				CLANG_WARN_UNGUARDED_AVAILABILITY = YES_AGGRESSIVE;
				CLANG_WARN_UNREACHABLE_CODE = YES;
				CLANG_WARN__DUPLICATE_METHOD_MATCH = YES;
				COPY_PHASE_STRIP = NO;
				DEBUG_INFORMATION_FORMAT = dwarf;
				ENABLE_STRICT_OBJC_MSGSEND = YES;
				ENABLE_TESTABILITY = YES;
				GCC_C_LANGUAGE_STANDARD = gnu11;
				GCC_DYNAMIC_NO_PIC = NO;
				GCC_NO_COMMON_BLOCKS = YES;
				GCC_OPTIMIZATION_LEVEL = 0;
				GCC_PREPROCESSOR_DEFINITIONS = (
					"DEBUG=1",
					"$(inherited)",
				);
				GCC_WARN_64_TO_32_BIT_CONVERSION = YES;
				GCC_WARN_ABOUT_RETURN_TYPE = YES_ERROR;
				GCC_WARN_UNDECLARED_SELECTOR = YES;
				GCC_WARN_UNINITIALIZED_AUTOS = YES_AGGRESSIVE;
				GCC_WARN_UNUSED_FUNCTION = YES;
				GCC_WARN_UNUSED_VARIABLE = YES;
				IPHONEOS_DEPLOYMENT_TARGET = 14.5;
				MTL_ENABLE_DEBUG_INFO = INCLUDE_SOURCE;
				MTL_FAST_MATH = YES;
				ONLY_ACTIVE_ARCH = YES;
				SDKROOT = iphoneos;
				SWIFT_ACTIVE_COMPILATION_CONDITIONS = DEBUG;
				SWIFT_OPTIMIZATION_LEVEL = "-Onone";
			};
			name = Debug;
		};
		18E3D59826B2FA4700BF3545 /* Release */ = {
			isa = XCBuildConfiguration;
			buildSettings = {
				ALWAYS_SEARCH_USER_PATHS = NO;
				CLANG_ANALYZER_NONNULL = YES;
				CLANG_ANALYZER_NUMBER_OBJECT_CONVERSION = YES_AGGRESSIVE;
				CLANG_CXX_LANGUAGE_STANDARD = "gnu++14";
				CLANG_CXX_LIBRARY = "libc++";
				CLANG_ENABLE_MODULES = YES;
				CLANG_ENABLE_OBJC_ARC = YES;
				CLANG_ENABLE_OBJC_WEAK = YES;
				CLANG_WARN_BLOCK_CAPTURE_AUTORELEASING = YES;
				CLANG_WARN_BOOL_CONVERSION = YES;
				CLANG_WARN_COMMA = YES;
				CLANG_WARN_CONSTANT_CONVERSION = YES;
				CLANG_WARN_DEPRECATED_OBJC_IMPLEMENTATIONS = YES;
				CLANG_WARN_DIRECT_OBJC_ISA_USAGE = YES_ERROR;
				CLANG_WARN_DOCUMENTATION_COMMENTS = YES;
				CLANG_WARN_EMPTY_BODY = YES;
				CLANG_WARN_ENUM_CONVERSION = YES;
				CLANG_WARN_INFINITE_RECURSION = YES;
				CLANG_WARN_INT_CONVERSION = YES;
				CLANG_WARN_NON_LITERAL_NULL_CONVERSION = YES;
				CLANG_WARN_OBJC_IMPLICIT_RETAIN_SELF = YES;
				CLANG_WARN_OBJC_LITERAL_CONVERSION = YES;
				CLANG_WARN_OBJC_ROOT_CLASS = YES_ERROR;
				CLANG_WARN_QUOTED_INCLUDE_IN_FRAMEWORK_HEADER = YES;
				CLANG_WARN_RANGE_LOOP_ANALYSIS = YES;
				CLANG_WARN_STRICT_PROTOTYPES = YES;
				CLANG_WARN_SUSPICIOUS_MOVE = YES;
				CLANG_WARN_UNGUARDED_AVAILABILITY = YES_AGGRESSIVE;
				CLANG_WARN_UNREACHABLE_CODE = YES;
				CLANG_WARN__DUPLICATE_METHOD_MATCH = YES;
				COPY_PHASE_STRIP = NO;
				DEBUG_INFORMATION_FORMAT = "dwarf-with-dsym";
				ENABLE_NS_ASSERTIONS = NO;
				ENABLE_STRICT_OBJC_MSGSEND = YES;
				GCC_C_LANGUAGE_STANDARD = gnu11;
				GCC_NO_COMMON_BLOCKS = YES;
				GCC_WARN_64_TO_32_BIT_CONVERSION = YES;
				GCC_WARN_ABOUT_RETURN_TYPE = YES_ERROR;
				GCC_WARN_UNDECLARED_SELECTOR = YES;
				GCC_WARN_UNINITIALIZED_AUTOS = YES_AGGRESSIVE;
				GCC_WARN_UNUSED_FUNCTION = YES;
				GCC_WARN_UNUSED_VARIABLE = YES;
				IPHONEOS_DEPLOYMENT_TARGET = 14.5;
				MTL_ENABLE_DEBUG_INFO = NO;
				MTL_FAST_MATH = YES;
				SDKROOT = iphoneos;
				SWIFT_COMPILATION_MODE = wholemodule;
				SWIFT_OPTIMIZATION_LEVEL = "-O";
				VALIDATE_PRODUCT = YES;
			};
			name = Release;
		};
		18E3D59A26B2FA4700BF3545 /* Debug */ = {
			isa = XCBuildConfiguration;
			buildSettings = {
				ASSETCATALOG_COMPILER_APPICON_NAME = AppIcon;
				ASSETCATALOG_COMPILER_GLOBAL_ACCENT_COLOR_NAME = AccentColor;
				CODE_SIGN_STYLE = Automatic;
				INFOPLIST_FILE = "BasicIOS-tutorial-AutoLayout/Info.plist";
				LD_RUNPATH_SEARCH_PATHS = (
					"$(inherited)",
					"@executable_path/Frameworks",
				);
				PRODUCT_BUNDLE_IDENTIFIER = "com.demo.BasicIOS-tutorial-AutoLayout";
				PRODUCT_NAME = "$(TARGET_NAME)";
				SWIFT_VERSION = 5.0;
				TARGETED_DEVICE_FAMILY = "1,2";
			};
			name = Debug;
		};
		18E3D59B26B2FA4700BF3545 /* Release */ = {
			isa = XCBuildConfiguration;
			buildSettings = {
				ASSETCATALOG_COMPILER_APPICON_NAME = AppIcon;
				ASSETCATALOG_COMPILER_GLOBAL_ACCENT_COLOR_NAME = AccentColor;
				CODE_SIGN_STYLE = Automatic;
				INFOPLIST_FILE = "BasicIOS-tutorial-AutoLayout/Info.plist";
				LD_RUNPATH_SEARCH_PATHS = (
					"$(inherited)",
					"@executable_path/Frameworks",
				);
				PRODUCT_BUNDLE_IDENTIFIER = "com.demo.BasicIOS-tutorial-AutoLayout";
				PRODUCT_NAME = "$(TARGET_NAME)";
				SWIFT_VERSION = 5.0;
				TARGETED_DEVICE_FAMILY = "1,2";
			};
			name = Release;
		};
		18E3D59D26B2FA4700BF3545 /* Debug */ = {
			isa = XCBuildConfiguration;
			buildSettings = {
				ALWAYS_EMBED_SWIFT_STANDARD_LIBRARIES = YES;
				BUNDLE_LOADER = "$(TEST_HOST)";
				CODE_SIGN_STYLE = Automatic;
				INFOPLIST_FILE = "BasicIOS-tutorial-AutoLayoutTests/Info.plist";
				IPHONEOS_DEPLOYMENT_TARGET = 14.5;
				LD_RUNPATH_SEARCH_PATHS = (
					"$(inherited)",
					"@executable_path/Frameworks",
					"@loader_path/Frameworks",
				);
				PRODUCT_BUNDLE_IDENTIFIER = "com.demo.BasicIOS-tutorial-AutoLayoutTests";
				PRODUCT_NAME = "$(TARGET_NAME)";
				SWIFT_VERSION = 5.0;
				TARGETED_DEVICE_FAMILY = "1,2";
				TEST_HOST = "$(BUILT_PRODUCTS_DIR)/BasicIOS-tutorial-AutoLayout.app/BasicIOS-tutorial-AutoLayout";
			};
			name = Debug;
		};
		18E3D59E26B2FA4700BF3545 /* Release */ = {
			isa = XCBuildConfiguration;
			buildSettings = {
				ALWAYS_EMBED_SWIFT_STANDARD_LIBRARIES = YES;
				BUNDLE_LOADER = "$(TEST_HOST)";
				CODE_SIGN_STYLE = Automatic;
				INFOPLIST_FILE = "BasicIOS-tutorial-AutoLayoutTests/Info.plist";
				IPHONEOS_DEPLOYMENT_TARGET = 14.5;
				LD_RUNPATH_SEARCH_PATHS = (
					"$(inherited)",
					"@executable_path/Frameworks",
					"@loader_path/Frameworks",
				);
				PRODUCT_BUNDLE_IDENTIFIER = "com.demo.BasicIOS-tutorial-AutoLayoutTests";
				PRODUCT_NAME = "$(TARGET_NAME)";
				SWIFT_VERSION = 5.0;
				TARGETED_DEVICE_FAMILY = "1,2";
				TEST_HOST = "$(BUILT_PRODUCTS_DIR)/BasicIOS-tutorial-AutoLayout.app/BasicIOS-tutorial-AutoLayout";
			};
			name = Release;
		};
		18E3D5A026B2FA4700BF3545 /* Debug */ = {
			isa = XCBuildConfiguration;
			buildSettings = {
				ALWAYS_EMBED_SWIFT_STANDARD_LIBRARIES = YES;
				CODE_SIGN_STYLE = Automatic;
				INFOPLIST_FILE = "BasicIOS-tutorial-AutoLayoutUITests/Info.plist";
				LD_RUNPATH_SEARCH_PATHS = (
					"$(inherited)",
					"@executable_path/Frameworks",
					"@loader_path/Frameworks",
				);
				PRODUCT_BUNDLE_IDENTIFIER = "com.demo.BasicIOS-tutorial-AutoLayoutUITests";
				PRODUCT_NAME = "$(TARGET_NAME)";
				SWIFT_VERSION = 5.0;
				TARGETED_DEVICE_FAMILY = "1,2";
				TEST_TARGET_NAME = "BasicIOS-tutorial-AutoLayout";
			};
			name = Debug;
		};
		18E3D5A126B2FA4700BF3545 /* Release */ = {
			isa = XCBuildConfiguration;
			buildSettings = {
				ALWAYS_EMBED_SWIFT_STANDARD_LIBRARIES = YES;
				CODE_SIGN_STYLE = Automatic;
				INFOPLIST_FILE = "BasicIOS-tutorial-AutoLayoutUITests/Info.plist";
				LD_RUNPATH_SEARCH_PATHS = (
					"$(inherited)",
					"@executable_path/Frameworks",
					"@loader_path/Frameworks",
				);
				PRODUCT_BUNDLE_IDENTIFIER = "com.demo.BasicIOS-tutorial-AutoLayoutUITests";
				PRODUCT_NAME = "$(TARGET_NAME)";
				SWIFT_VERSION = 5.0;
				TARGETED_DEVICE_FAMILY = "1,2";
				TEST_TARGET_NAME = "BasicIOS-tutorial-AutoLayout";
			};
			name = Release;
		};
/* End XCBuildConfiguration section */

/* Begin XCConfigurationList section */
		18E3D56A26B2FA4600BF3545 /* Build configuration list for PBXProject "BasicIOS-tutorial-AutoLayout" */ = {
			isa = XCConfigurationList;
			buildConfigurations = (
				18E3D59726B2FA4700BF3545 /* Debug */,
				18E3D59826B2FA4700BF3545 /* Release */,
			);
			defaultConfigurationIsVisible = 0;
			defaultConfigurationName = Release;
		};
		18E3D59926B2FA4700BF3545 /* Build configuration list for PBXNativeTarget "BasicIOS-tutorial-AutoLayout" */ = {
			isa = XCConfigurationList;
			buildConfigurations = (
				18E3D59A26B2FA4700BF3545 /* Debug */,
				18E3D59B26B2FA4700BF3545 /* Release */,
			);
			defaultConfigurationIsVisible = 0;
			defaultConfigurationName = Release;
		};
		18E3D59C26B2FA4700BF3545 /* Build configuration list for PBXNativeTarget "BasicIOS-tutorial-AutoLayoutTests" */ = {
			isa = XCConfigurationList;
			buildConfigurations = (
				18E3D59D26B2FA4700BF3545 /* Debug */,
				18E3D59E26B2FA4700BF3545 /* Release */,
			);
			defaultConfigurationIsVisible = 0;
			defaultConfigurationName = Release;
		};
		18E3D59F26B2FA4700BF3545 /* Build configuration list for PBXNativeTarget "BasicIOS-tutorial-AutoLayoutUITests" */ = {
			isa = XCConfigurationList;
			buildConfigurations = (
				18E3D5A026B2FA4700BF3545 /* Debug */,
				18E3D5A126B2FA4700BF3545 /* Release */,
			);
			defaultConfigurationIsVisible = 0;
			defaultConfigurationName = Release;
		};
/* End XCConfigurationList section */
	};
	rootObject = 18E3D56726B2FA4600BF3545 /* Project object */;
}
