// !$*UTF8*$!
{
	archiveVersion = 1;
	classes = {
	};
	objectVersion = 50;
	objects = {

/* Begin PBXBuildFile section */
		18A663C726B4C2A400C392B3 /* AppDelegate.swift in Sources */ = {isa = PBXBuildFile; fileRef = 18A663C626B4C2A400C392B3 /* AppDelegate.swift */; };
		18A663C926B4C2A400C392B3 /* SceneDelegate.swift in Sources */ = {isa = PBXBuildFile; fileRef = 18A663C826B4C2A400C392B3 /* SceneDelegate.swift */; };
		18A663CB26B4C2A400C392B3 /* ViewController.swift in Sources */ = {isa = PBXBuildFile; fileRef = 18A663CA26B4C2A400C392B3 /* ViewController.swift */; };
		18A663CE26B4C2A400C392B3 /* Main.storyboard in Resources */ = {isa = PBXBuildFile; fileRef = 18A663CC26B4C2A400C392B3 /* Main.storyboard */; };
		18A663D026B4C2A600C392B3 /* Assets.xcassets in Resources */ = {isa = PBXBuildFile; fileRef = 18A663CF26B4C2A600C392B3 /* Assets.xcassets */; };
		18A663D326B4C2A600C392B3 /* LaunchScreen.storyboard in Resources */ = {isa = PBXBuildFile; fileRef = 18A663D126B4C2A600C392B3 /* LaunchScreen.storyboard */; };
		18A663DE26B4C2A700C392B3 /* BasicIOS_tutorial_MVCTests.swift in Sources */ = {isa = PBXBuildFile; fileRef = 18A663DD26B4C2A700C392B3 /* BasicIOS_tutorial_MVCTests.swift */; };
		18A663E926B4C2A700C392B3 /* BasicIOS_tutorial_MVCUITests.swift in Sources */ = {isa = PBXBuildFile; fileRef = 18A663E826B4C2A700C392B3 /* BasicIOS_tutorial_MVCUITests.swift */; };
		18A663F926B4C36A00C392B3 /* DemoViewController.swift in Sources */ = {isa = PBXBuildFile; fileRef = 18A663F726B4C36A00C392B3 /* DemoViewController.swift */; };
		18A663FA26B4C36A00C392B3 /* DemoViewController.xib in Resources */ = {isa = PBXBuildFile; fileRef = 18A663F826B4C36A00C392B3 /* DemoViewController.xib */; };
		18A663FD26B4C7DF00C392B3 /* Calculator.swift in Sources */ = {isa = PBXBuildFile; fileRef = 18A663FC26B4C7DF00C392B3 /* Calculator.swift */; };
/* End PBXBuildFile section */

/* Begin PBXContainerItemProxy section */
		18A663DA26B4C2A600C392B3 /* PBXContainerItemProxy */ = {
			isa = PBXContainerItemProxy;
			containerPortal = 18A663BB26B4C2A400C392B3 /* Project object */;
			proxyType = 1;
			remoteGlobalIDString = 18A663C226B4C2A400C392B3;
			remoteInfo = "BasicIOS-tutorial-MVC";
		};
		18A663E526B4C2A700C392B3 /* PBXContainerItemProxy */ = {
			isa = PBXContainerItemProxy;
			containerPortal = 18A663BB26B4C2A400C392B3 /* Project object */;
			proxyType = 1;
			remoteGlobalIDString = 18A663C226B4C2A400C392B3;
			remoteInfo = "BasicIOS-tutorial-MVC";
		};
/* End PBXContainerItemProxy section */

/* Begin PBXFileReference section */
		18A663C326B4C2A400C392B3 /* BasicIOS-tutorial-MVC.app */ = {isa = PBXFileReference; explicitFileType = wrapper.application; includeInIndex = 0; path = "BasicIOS-tutorial-MVC.app"; sourceTree = BUILT_PRODUCTS_DIR; };
		18A663C626B4C2A400C392B3 /* AppDelegate.swift */ = {isa = PBXFileReference; lastKnownFileType = sourcecode.swift; path = AppDelegate.swift; sourceTree = "<group>"; };
		18A663C826B4C2A400C392B3 /* SceneDelegate.swift */ = {isa = PBXFileReference; lastKnownFileType = sourcecode.swift; path = SceneDelegate.swift; sourceTree = "<group>"; };
		18A663CA26B4C2A400C392B3 /* ViewController.swift */ = {isa = PBXFileReference; lastKnownFileType = sourcecode.swift; path = ViewController.swift; sourceTree = "<group>"; };
		18A663CD26B4C2A400C392B3 /* Base */ = {isa = PBXFileReference; lastKnownFileType = file.storyboard; name = Base; path = Base.lproj/Main.storyboard; sourceTree = "<group>"; };
		18A663CF26B4C2A600C392B3 /* Assets.xcassets */ = {isa = PBXFileReference; lastKnownFileType = folder.assetcatalog; path = Assets.xcassets; sourceTree = "<group>"; };
		18A663D226B4C2A600C392B3 /* Base */ = {isa = PBXFileReference; lastKnownFileType = file.storyboard; name = Base; path = Base.lproj/LaunchScreen.storyboard; sourceTree = "<group>"; };
		18A663D426B4C2A600C392B3 /* Info.plist */ = {isa = PBXFileReference; lastKnownFileType = text.plist.xml; path = Info.plist; sourceTree = "<group>"; };
		18A663D926B4C2A600C392B3 /* BasicIOS-tutorial-MVCTests.xctest */ = {isa = PBXFileReference; explicitFileType = wrapper.cfbundle; includeInIndex = 0; path = "BasicIOS-tutorial-MVCTests.xctest"; sourceTree = BUILT_PRODUCTS_DIR; };
		18A663DD26B4C2A700C392B3 /* BasicIOS_tutorial_MVCTests.swift */ = {isa = PBXFileReference; lastKnownFileType = sourcecode.swift; path = BasicIOS_tutorial_MVCTests.swift; sourceTree = "<group>"; };
		18A663DF26B4C2A700C392B3 /* Info.plist */ = {isa = PBXFileReference; lastKnownFileType = text.plist.xml; path = Info.plist; sourceTree = "<group>"; };
		18A663E426B4C2A700C392B3 /* BasicIOS-tutorial-MVCUITests.xctest */ = {isa = PBXFileReference; explicitFileType = wrapper.cfbundle; includeInIndex = 0; path = "BasicIOS-tutorial-MVCUITests.xctest"; sourceTree = BUILT_PRODUCTS_DIR; };
		18A663E826B4C2A700C392B3 /* BasicIOS_tutorial_MVCUITests.swift */ = {isa = PBXFileReference; lastKnownFileType = sourcecode.swift; path = BasicIOS_tutorial_MVCUITests.swift; sourceTree = "<group>"; };
		18A663EA26B4C2A700C392B3 /* Info.plist */ = {isa = PBXFileReference; lastKnownFileType = text.plist.xml; path = Info.plist; sourceTree = "<group>"; };
		18A663F726B4C36A00C392B3 /* DemoViewController.swift */ = {isa = PBXFileReference; lastKnownFileType = sourcecode.swift; path = DemoViewController.swift; sourceTree = "<group>"; };
		18A663F826B4C36A00C392B3 /* DemoViewController.xib */ = {isa = PBXFileReference; lastKnownFileType = file.xib; path = DemoViewController.xib; sourceTree = "<group>"; };
		18A663FC26B4C7DF00C392B3 /* Calculator.swift */ = {isa = PBXFileReference; lastKnownFileType = sourcecode.swift; path = Calculator.swift; sourceTree = "<group>"; };
/* End PBXFileReference section */

/* Begin PBXFrameworksBuildPhase section */
		18A663C026B4C2A400C392B3 /* Frameworks */ = {
			isa = PBXFrameworksBuildPhase;
			buildActionMask = 2147483647;
			files = (
			);
			runOnlyForDeploymentPostprocessing = 0;
		};
		18A663D626B4C2A600C392B3 /* Frameworks */ = {
			isa = PBXFrameworksBuildPhase;
			buildActionMask = 2147483647;
			files = (
			);
			runOnlyForDeploymentPostprocessing = 0;
		};
		18A663E126B4C2A700C392B3 /* Frameworks */ = {
			isa = PBXFrameworksBuildPhase;
			buildActionMask = 2147483647;
			files = (
			);
			runOnlyForDeploymentPostprocessing = 0;
		};
/* End PBXFrameworksBuildPhase section */

/* Begin PBXGroup section */
		18A663BA26B4C2A400C392B3 = {
			isa = PBXGroup;
			children = (
				18A663C526B4C2A400C392B3 /* BasicIOS-tutorial-MVC */,
				18A663DC26B4C2A600C392B3 /* BasicIOS-tutorial-MVCTests */,
				18A663E726B4C2A700C392B3 /* BasicIOS-tutorial-MVCUITests */,
				18A663C426B4C2A400C392B3 /* Products */,
			);
			sourceTree = "<group>";
		};
		18A663C426B4C2A400C392B3 /* Products */ = {
			isa = PBXGroup;
			children = (
				18A663C326B4C2A400C392B3 /* BasicIOS-tutorial-MVC.app */,
				18A663D926B4C2A600C392B3 /* BasicIOS-tutorial-MVCTests.xctest */,
				18A663E426B4C2A700C392B3 /* BasicIOS-tutorial-MVCUITests.xctest */,
			);
			name = Products;
			sourceTree = "<group>";
		};
		18A663C526B4C2A400C392B3 /* BasicIOS-tutorial-MVC */ = {
			isa = PBXGroup;
			children = (
				18A663FB26B4C7C600C392B3 /* Model */,
				18A663F626B4C2AC00C392B3 /* Controller */,
				18A663C626B4C2A400C392B3 /* AppDelegate.swift */,
				18A663C826B4C2A400C392B3 /* SceneDelegate.swift */,
				18A663CA26B4C2A400C392B3 /* ViewController.swift */,
				18A663CC26B4C2A400C392B3 /* Main.storyboard */,
				18A663CF26B4C2A600C392B3 /* Assets.xcassets */,
				18A663D126B4C2A600C392B3 /* LaunchScreen.storyboard */,
				18A663D426B4C2A600C392B3 /* Info.plist */,
			);
			path = "BasicIOS-tutorial-MVC";
			sourceTree = "<group>";
		};
		18A663DC26B4C2A600C392B3 /* BasicIOS-tutorial-MVCTests */ = {
			isa = PBXGroup;
			children = (
				18A663DD26B4C2A700C392B3 /* BasicIOS_tutorial_MVCTests.swift */,
				18A663DF26B4C2A700C392B3 /* Info.plist */,
			);
			path = "BasicIOS-tutorial-MVCTests";
			sourceTree = "<group>";
		};
		18A663E726B4C2A700C392B3 /* BasicIOS-tutorial-MVCUITests */ = {
			isa = PBXGroup;
			children = (
				18A663E826B4C2A700C392B3 /* BasicIOS_tutorial_MVCUITests.swift */,
				18A663EA26B4C2A700C392B3 /* Info.plist */,
			);
			path = "BasicIOS-tutorial-MVCUITests";
			sourceTree = "<group>";
		};
		18A663F626B4C2AC00C392B3 /* Controller */ = {
			isa = PBXGroup;
			children = (
				18A663F726B4C36A00C392B3 /* DemoViewController.swift */,
				18A663F826B4C36A00C392B3 /* DemoViewController.xib */,
			);
			path = Controller;
			sourceTree = "<group>";
		};
		18A663FB26B4C7C600C392B3 /* Model */ = {
			isa = PBXGroup;
			children = (
				18A663FC26B4C7DF00C392B3 /* Calculator.swift */,
			);
			path = Model;
			sourceTree = "<group>";
		};
/* End PBXGroup section */

/* Begin PBXNativeTarget section */
		18A663C226B4C2A400C392B3 /* BasicIOS-tutorial-MVC */ = {
			isa = PBXNativeTarget;
			buildConfigurationList = 18A663ED26B4C2A700C392B3 /* Build configuration list for PBXNativeTarget "BasicIOS-tutorial-MVC" */;
			buildPhases = (
				18A663BF26B4C2A400C392B3 /* Sources */,
				18A663C026B4C2A400C392B3 /* Frameworks */,
				18A663C126B4C2A400C392B3 /* Resources */,
			);
			buildRules = (
			);
			dependencies = (
			);
			name = "BasicIOS-tutorial-MVC";
			productName = "BasicIOS-tutorial-MVC";
			productReference = 18A663C326B4C2A400C392B3 /* BasicIOS-tutorial-MVC.app */;
			productType = "com.apple.product-type.application";
		};
		18A663D826B4C2A600C392B3 /* BasicIOS-tutorial-MVCTests */ = {
			isa = PBXNativeTarget;
			buildConfigurationList = 18A663F026B4C2A700C392B3 /* Build configuration list for PBXNativeTarget "BasicIOS-tutorial-MVCTests" */;
			buildPhases = (
				18A663D526B4C2A600C392B3 /* Sources */,
				18A663D626B4C2A600C392B3 /* Frameworks */,
				18A663D726B4C2A600C392B3 /* Resources */,
			);
			buildRules = (
			);
			dependencies = (
				18A663DB26B4C2A600C392B3 /* PBXTargetDependency */,
			);
			name = "BasicIOS-tutorial-MVCTests";
			productName = "BasicIOS-tutorial-MVCTests";
			productReference = 18A663D926B4C2A600C392B3 /* BasicIOS-tutorial-MVCTests.xctest */;
			productType = "com.apple.product-type.bundle.unit-test";
		};
		18A663E326B4C2A700C392B3 /* BasicIOS-tutorial-MVCUITests */ = {
			isa = PBXNativeTarget;
			buildConfigurationList = 18A663F326B4C2A700C392B3 /* Build configuration list for PBXNativeTarget "BasicIOS-tutorial-MVCUITests" */;
			buildPhases = (
				18A663E026B4C2A700C392B3 /* Sources */,
				18A663E126B4C2A700C392B3 /* Frameworks */,
				18A663E226B4C2A700C392B3 /* Resources */,
			);
			buildRules = (
			);
			dependencies = (
				18A663E626B4C2A700C392B3 /* PBXTargetDependency */,
			);
			name = "BasicIOS-tutorial-MVCUITests";
			productName = "BasicIOS-tutorial-MVCUITests";
			productReference = 18A663E426B4C2A700C392B3 /* BasicIOS-tutorial-MVCUITests.xctest */;
			productType = "com.apple.product-type.bundle.ui-testing";
		};
/* End PBXNativeTarget section */

/* Begin PBXProject section */
		18A663BB26B4C2A400C392B3 /* Project object */ = {
			isa = PBXProject;
			attributes = {
				LastSwiftUpdateCheck = 1250;
				LastUpgradeCheck = 1250;
				TargetAttributes = {
					18A663C226B4C2A400C392B3 = {
						CreatedOnToolsVersion = 12.5.1;
					};
					18A663D826B4C2A600C392B3 = {
						CreatedOnToolsVersion = 12.5.1;
						TestTargetID = 18A663C226B4C2A400C392B3;
					};
					18A663E326B4C2A700C392B3 = {
						CreatedOnToolsVersion = 12.5.1;
						TestTargetID = 18A663C226B4C2A400C392B3;
					};
				};
			};
			buildConfigurationList = 18A663BE26B4C2A400C392B3 /* Build configuration list for PBXProject "BasicIOS-tutorial-MVC" */;
			compatibilityVersion = "Xcode 9.3";
			developmentRegion = en;
			hasScannedForEncodings = 0;
			knownRegions = (
				en,
				Base,
			);
			mainGroup = 18A663BA26B4C2A400C392B3;
			productRefGroup = 18A663C426B4C2A400C392B3 /* Products */;
			projectDirPath = "";
			projectRoot = "";
			targets = (
				18A663C226B4C2A400C392B3 /* BasicIOS-tutorial-MVC */,
				18A663D826B4C2A600C392B3 /* BasicIOS-tutorial-MVCTests */,
				18A663E326B4C2A700C392B3 /* BasicIOS-tutorial-MVCUITests */,
			);
		};
/* End PBXProject section */

/* Begin PBXResourcesBuildPhase section */
		18A663C126B4C2A400C392B3 /* Resources */ = {
			isa = PBXResourcesBuildPhase;
			buildActionMask = 2147483647;
			files = (
				18A663D326B4C2A600C392B3 /* LaunchScreen.storyboard in Resources */,
				18A663D026B4C2A600C392B3 /* Assets.xcassets in Resources */,
				18A663CE26B4C2A400C392B3 /* Main.storyboard in Resources */,
				18A663FA26B4C36A00C392B3 /* DemoViewController.xib in Resources */,
			);
			runOnlyForDeploymentPostprocessing = 0;
		};
		18A663D726B4C2A600C392B3 /* Resources */ = {
			isa = PBXResourcesBuildPhase;
			buildActionMask = 2147483647;
			files = (
			);
			runOnlyForDeploymentPostprocessing = 0;
		};
		18A663E226B4C2A700C392B3 /* Resources */ = {
			isa = PBXResourcesBuildPhase;
			buildActionMask = 2147483647;
			files = (
			);
			runOnlyForDeploymentPostprocessing = 0;
		};
/* End PBXResourcesBuildPhase section */

/* Begin PBXSourcesBuildPhase section */
		18A663BF26B4C2A400C392B3 /* Sources */ = {
			isa = PBXSourcesBuildPhase;
			buildActionMask = 2147483647;
			files = (
				18A663CB26B4C2A400C392B3 /* ViewController.swift in Sources */,
				18A663C726B4C2A400C392B3 /* AppDelegate.swift in Sources */,
				18A663C926B4C2A400C392B3 /* SceneDelegate.swift in Sources */,
				18A663FD26B4C7DF00C392B3 /* Calculator.swift in Sources */,
				18A663F926B4C36A00C392B3 /* DemoViewController.swift in Sources */,
			);
			runOnlyForDeploymentPostprocessing = 0;
		};
		18A663D526B4C2A600C392B3 /* Sources */ = {
			isa = PBXSourcesBuildPhase;
			buildActionMask = 2147483647;
			files = (
				18A663DE26B4C2A700C392B3 /* BasicIOS_tutorial_MVCTests.swift in Sources */,
			);
			runOnlyForDeploymentPostprocessing = 0;
		};
		18A663E026B4C2A700C392B3 /* Sources */ = {
			isa = PBXSourcesBuildPhase;
			buildActionMask = 2147483647;
			files = (
				18A663E926B4C2A700C392B3 /* BasicIOS_tutorial_MVCUITests.swift in Sources */,
			);
			runOnlyForDeploymentPostprocessing = 0;
		};
/* End PBXSourcesBuildPhase section */

/* Begin PBXTargetDependency section */
		18A663DB26B4C2A600C392B3 /* PBXTargetDependency */ = {
			isa = PBXTargetDependency;
			target = 18A663C226B4C2A400C392B3 /* BasicIOS-tutorial-MVC */;
			targetProxy = 18A663DA26B4C2A600C392B3 /* PBXContainerItemProxy */;
		};
		18A663E626B4C2A700C392B3 /* PBXTargetDependency */ = {
			isa = PBXTargetDependency;
			target = 18A663C226B4C2A400C392B3 /* BasicIOS-tutorial-MVC */;
			targetProxy = 18A663E526B4C2A700C392B3 /* PBXContainerItemProxy */;
		};
/* End PBXTargetDependency section */

/* Begin PBXVariantGroup section */
		18A663CC26B4C2A400C392B3 /* Main.storyboard */ = {
			isa = PBXVariantGroup;
			children = (
				18A663CD26B4C2A400C392B3 /* Base */,
			);
			name = Main.storyboard;
			sourceTree = "<group>";
		};
		18A663D126B4C2A600C392B3 /* LaunchScreen.storyboard */ = {
			isa = PBXVariantGroup;
			children = (
				18A663D226B4C2A600C392B3 /* Base */,
			);
			name = LaunchScreen.storyboard;
			sourceTree = "<group>";
		};
/* End PBXVariantGroup section */

/* Begin XCBuildConfiguration section */
		18A663EB26B4C2A700C392B3 /* Debug */ = {
			isa = XCBuildConfiguration;
			buildSettings = {
				ALWAYS_SEARCH_USER_PATHS = NO;
				CLANG_ANALYZER_NONNULL = YES;
				CLANG_ANALYZER_NUMBER_OBJECT_CONVERSION = YES_AGGRESSIVE;
				CLANG_CXX_LANGUAGE_STANDARD = "gnu++14";
				CLANG_CXX_LIBRARY = "libc++";
				CLANG_ENABLE_MODULES = YES;
				CLANG_ENABLE_OBJC_ARC = YES;
				CLANG_ENABLE_OBJC_WEAK = YES;
				CLANG_WARN_BLOCK_CAPTURE_AUTORELEASING = YES;
				CLANG_WARN_BOOL_CONVERSION = YES;
				CLANG_WARN_COMMA = YES;
				CLANG_WARN_CONSTANT_CONVERSION = YES;
				CLANG_WARN_DEPRECATED_OBJC_IMPLEMENTATIONS = YES;
				CLANG_WARN_DIRECT_OBJC_ISA_USAGE = YES_ERROR;
				CLANG_WARN_DOCUMENTATION_COMMENTS = YES;
				CLANG_WARN_EMPTY_BODY = YES;
				CLANG_WARN_ENUM_CONVERSION = YES;
				CLANG_WARN_INFINITE_RECURSION = YES;
				CLANG_WARN_INT_CONVERSION = YES;
				CLANG_WARN_NON_LITERAL_NULL_CONVERSION = YES;
				CLANG_WARN_OBJC_IMPLICIT_RETAIN_SELF = YES;
				CLANG_WARN_OBJC_LITERAL_CONVERSION = YES;
				CLANG_WARN_OBJC_ROOT_CLASS = YES_ERROR;
				CLANG_WARN_QUOTED_INCLUDE_IN_FRAMEWORK_HEADER = YES;
				CLANG_WARN_RANGE_LOOP_ANALYSIS = YES;
				CLANG_WARN_STRICT_PROTOTYPES = YES;
				CLANG_WARN_SUSPICIOUS_MOVE = YES;
				CLANG_WARN_UNGUARDED_AVAILABILITY = YES_AGGRESSIVE;
				CLANG_WARN_UNREACHABLE_CODE = YES;
				CLANG_WARN__DUPLICATE_METHOD_MATCH = YES;
				COPY_PHASE_STRIP = NO;
				DEBUG_INFORMATION_FORMAT = dwarf;
				ENABLE_STRICT_OBJC_MSGSEND = YES;
				ENABLE_TESTABILITY = YES;
				GCC_C_LANGUAGE_STANDARD = gnu11;
				GCC_DYNAMIC_NO_PIC = NO;
				GCC_NO_COMMON_BLOCKS = YES;
				GCC_OPTIMIZATION_LEVEL = 0;
				GCC_PREPROCESSOR_DEFINITIONS = (
					"DEBUG=1",
					"$(inherited)",
				);
				GCC_WARN_64_TO_32_BIT_CONVERSION = YES;
				GCC_WARN_ABOUT_RETURN_TYPE = YES_ERROR;
				GCC_WARN_UNDECLARED_SELECTOR = YES;
				GCC_WARN_UNINITIALIZED_AUTOS = YES_AGGRESSIVE;
				GCC_WARN_UNUSED_FUNCTION = YES;
				GCC_WARN_UNUSED_VARIABLE = YES;
				IPHONEOS_DEPLOYMENT_TARGET = 14.5;
				MTL_ENABLE_DEBUG_INFO = INCLUDE_SOURCE;
				MTL_FAST_MATH = YES;
				ONLY_ACTIVE_ARCH = YES;
				SDKROOT = iphoneos;
				SWIFT_ACTIVE_COMPILATION_CONDITIONS = DEBUG;
				SWIFT_OPTIMIZATION_LEVEL = "-Onone";
			};
			name = Debug;
		};
		18A663EC26B4C2A700C392B3 /* Release */ = {
			isa = XCBuildConfiguration;
			buildSettings = {
				ALWAYS_SEARCH_USER_PATHS = NO;
				CLANG_ANALYZER_NONNULL = YES;
				CLANG_ANALYZER_NUMBER_OBJECT_CONVERSION = YES_AGGRESSIVE;
				CLANG_CXX_LANGUAGE_STANDARD = "gnu++14";
				CLANG_CXX_LIBRARY = "libc++";
				CLANG_ENABLE_MODULES = YES;
				CLANG_ENABLE_OBJC_ARC = YES;
				CLANG_ENABLE_OBJC_WEAK = YES;
				CLANG_WARN_BLOCK_CAPTURE_AUTORELEASING = YES;
				CLANG_WARN_BOOL_CONVERSION = YES;
				CLANG_WARN_COMMA = YES;
				CLANG_WARN_CONSTANT_CONVERSION = YES;
				CLANG_WARN_DEPRECATED_OBJC_IMPLEMENTATIONS = YES;
				CLANG_WARN_DIRECT_OBJC_ISA_USAGE = YES_ERROR;
				CLANG_WARN_DOCUMENTATION_COMMENTS = YES;
				CLANG_WARN_EMPTY_BODY = YES;
				CLANG_WARN_ENUM_CONVERSION = YES;
				CLANG_WARN_INFINITE_RECURSION = YES;
				CLANG_WARN_INT_CONVERSION = YES;
				CLANG_WARN_NON_LITERAL_NULL_CONVERSION = YES;
				CLANG_WARN_OBJC_IMPLICIT_RETAIN_SELF = YES;
				CLANG_WARN_OBJC_LITERAL_CONVERSION = YES;
				CLANG_WARN_OBJC_ROOT_CLASS = YES_ERROR;
				CLANG_WARN_QUOTED_INCLUDE_IN_FRAMEWORK_HEADER = YES;
				CLANG_WARN_RANGE_LOOP_ANALYSIS = YES;
				CLANG_WARN_STRICT_PROTOTYPES = YES;
				CLANG_WARN_SUSPICIOUS_MOVE = YES;
				CLANG_WARN_UNGUARDED_AVAILABILITY = YES_AGGRESSIVE;
				CLANG_WARN_UNREACHABLE_CODE = YES;
				CLANG_WARN__DUPLICATE_METHOD_MATCH = YES;
				COPY_PHASE_STRIP = NO;
				DEBUG_INFORMATION_FORMAT = "dwarf-with-dsym";
				ENABLE_NS_ASSERTIONS = NO;
				ENABLE_STRICT_OBJC_MSGSEND = YES;
				GCC_C_LANGUAGE_STANDARD = gnu11;
				GCC_NO_COMMON_BLOCKS = YES;
				GCC_WARN_64_TO_32_BIT_CONVERSION = YES;
				GCC_WARN_ABOUT_RETURN_TYPE = YES_ERROR;
				GCC_WARN_UNDECLARED_SELECTOR = YES;
				GCC_WARN_UNINITIALIZED_AUTOS = YES_AGGRESSIVE;
				GCC_WARN_UNUSED_FUNCTION = YES;
				GCC_WARN_UNUSED_VARIABLE = YES;
				IPHONEOS_DEPLOYMENT_TARGET = 14.5;
				MTL_ENABLE_DEBUG_INFO = NO;
				MTL_FAST_MATH = YES;
				SDKROOT = iphoneos;
				SWIFT_COMPILATION_MODE = wholemodule;
				SWIFT_OPTIMIZATION_LEVEL = "-O";
				VALIDATE_PRODUCT = YES;
			};
			name = Release;
		};
		18A663EE26B4C2A700C392B3 /* Debug */ = {
			isa = XCBuildConfiguration;
			buildSettings = {
				ASSETCATALOG_COMPILER_APPICON_NAME = AppIcon;
				ASSETCATALOG_COMPILER_GLOBAL_ACCENT_COLOR_NAME = AccentColor;
				CODE_SIGN_STYLE = Automatic;
				INFOPLIST_FILE = "BasicIOS-tutorial-MVC/Info.plist";
				LD_RUNPATH_SEARCH_PATHS = (
					"$(inherited)",
					"@executable_path/Frameworks",
				);
				PRODUCT_BUNDLE_IDENTIFIER = "com.demo.BasicIOS-tutorial-MVC";
				PRODUCT_NAME = "$(TARGET_NAME)";
				SWIFT_VERSION = 5.0;
				TARGETED_DEVICE_FAMILY = "1,2";
			};
			name = Debug;
		};
		18A663EF26B4C2A700C392B3 /* Release */ = {
			isa = XCBuildConfiguration;
			buildSettings = {
				ASSETCATALOG_COMPILER_APPICON_NAME = AppIcon;
				ASSETCATALOG_COMPILER_GLOBAL_ACCENT_COLOR_NAME = AccentColor;
				CODE_SIGN_STYLE = Automatic;
				INFOPLIST_FILE = "BasicIOS-tutorial-MVC/Info.plist";
				LD_RUNPATH_SEARCH_PATHS = (
					"$(inherited)",
					"@executable_path/Frameworks",
				);
				PRODUCT_BUNDLE_IDENTIFIER = "com.demo.BasicIOS-tutorial-MVC";
				PRODUCT_NAME = "$(TARGET_NAME)";
				SWIFT_VERSION = 5.0;
				TARGETED_DEVICE_FAMILY = "1,2";
			};
			name = Release;
		};
		18A663F126B4C2A700C392B3 /* Debug */ = {
			isa = XCBuildConfiguration;
			buildSettings = {
				ALWAYS_EMBED_SWIFT_STANDARD_LIBRARIES = YES;
				BUNDLE_LOADER = "$(TEST_HOST)";
				CODE_SIGN_STYLE = Automatic;
				INFOPLIST_FILE = "BasicIOS-tutorial-MVCTests/Info.plist";
				IPHONEOS_DEPLOYMENT_TARGET = 14.5;
				LD_RUNPATH_SEARCH_PATHS = (
					"$(inherited)",
					"@executable_path/Frameworks",
					"@loader_path/Frameworks",
				);
				PRODUCT_BUNDLE_IDENTIFIER = "com.demo.BasicIOS-tutorial-MVCTests";
				PRODUCT_NAME = "$(TARGET_NAME)";
				SWIFT_VERSION = 5.0;
				TARGETED_DEVICE_FAMILY = "1,2";
				TEST_HOST = "$(BUILT_PRODUCTS_DIR)/BasicIOS-tutorial-MVC.app/BasicIOS-tutorial-MVC";
			};
			name = Debug;
		};
		18A663F226B4C2A700C392B3 /* Release */ = {
			isa = XCBuildConfiguration;
			buildSettings = {
				ALWAYS_EMBED_SWIFT_STANDARD_LIBRARIES = YES;
				BUNDLE_LOADER = "$(TEST_HOST)";
				CODE_SIGN_STYLE = Automatic;
				INFOPLIST_FILE = "BasicIOS-tutorial-MVCTests/Info.plist";
				IPHONEOS_DEPLOYMENT_TARGET = 14.5;
				LD_RUNPATH_SEARCH_PATHS = (
					"$(inherited)",
					"@executable_path/Frameworks",
					"@loader_path/Frameworks",
				);
				PRODUCT_BUNDLE_IDENTIFIER = "com.demo.BasicIOS-tutorial-MVCTests";
				PRODUCT_NAME = "$(TARGET_NAME)";
				SWIFT_VERSION = 5.0;
				TARGETED_DEVICE_FAMILY = "1,2";
				TEST_HOST = "$(BUILT_PRODUCTS_DIR)/BasicIOS-tutorial-MVC.app/BasicIOS-tutorial-MVC";
			};
			name = Release;
		};
		18A663F426B4C2A700C392B3 /* Debug */ = {
			isa = XCBuildConfiguration;
			buildSettings = {
				ALWAYS_EMBED_SWIFT_STANDARD_LIBRARIES = YES;
				CODE_SIGN_STYLE = Automatic;
				INFOPLIST_FILE = "BasicIOS-tutorial-MVCUITests/Info.plist";
				LD_RUNPATH_SEARCH_PATHS = (
					"$(inherited)",
					"@executable_path/Frameworks",
					"@loader_path/Frameworks",
				);
				PRODUCT_BUNDLE_IDENTIFIER = "com.demo.BasicIOS-tutorial-MVCUITests";
				PRODUCT_NAME = "$(TARGET_NAME)";
				SWIFT_VERSION = 5.0;
				TARGETED_DEVICE_FAMILY = "1,2";
				TEST_TARGET_NAME = "BasicIOS-tutorial-MVC";
			};
			name = Debug;
		};
		18A663F526B4C2A700C392B3 /* Release */ = {
			isa = XCBuildConfiguration;
			buildSettings = {
				ALWAYS_EMBED_SWIFT_STANDARD_LIBRARIES = YES;
				CODE_SIGN_STYLE = Automatic;
				INFOPLIST_FILE = "BasicIOS-tutorial-MVCUITests/Info.plist";
				LD_RUNPATH_SEARCH_PATHS = (
					"$(inherited)",
					"@executable_path/Frameworks",
					"@loader_path/Frameworks",
				);
				PRODUCT_BUNDLE_IDENTIFIER = "com.demo.BasicIOS-tutorial-MVCUITests";
				PRODUCT_NAME = "$(TARGET_NAME)";
				SWIFT_VERSION = 5.0;
				TARGETED_DEVICE_FAMILY = "1,2";
				TEST_TARGET_NAME = "BasicIOS-tutorial-MVC";
			};
			name = Release;
		};
/* End XCBuildConfiguration section */

/* Begin XCConfigurationList section */
		18A663BE26B4C2A400C392B3 /* Build configuration list for PBXProject "BasicIOS-tutorial-MVC" */ = {
			isa = XCConfigurationList;
			buildConfigurations = (
				18A663EB26B4C2A700C392B3 /* Debug */,
				18A663EC26B4C2A700C392B3 /* Release */,
			);
			defaultConfigurationIsVisible = 0;
			defaultConfigurationName = Release;
		};
		18A663ED26B4C2A700C392B3 /* Build configuration list for PBXNativeTarget "BasicIOS-tutorial-MVC" */ = {
			isa = XCConfigurationList;
			buildConfigurations = (
				18A663EE26B4C2A700C392B3 /* Debug */,
				18A663EF26B4C2A700C392B3 /* Release */,
			);
			defaultConfigurationIsVisible = 0;
			defaultConfigurationName = Release;
		};
		18A663F026B4C2A700C392B3 /* Build configuration list for PBXNativeTarget "BasicIOS-tutorial-MVCTests" */ = {
			isa = XCConfigurationList;
			buildConfigurations = (
				18A663F126B4C2A700C392B3 /* Debug */,
				18A663F226B4C2A700C392B3 /* Release */,
			);
			defaultConfigurationIsVisible = 0;
			defaultConfigurationName = Release;
		};
		18A663F326B4C2A700C392B3 /* Build configuration list for PBXNativeTarget "BasicIOS-tutorial-MVCUITests" */ = {
			isa = XCConfigurationList;
			buildConfigurations = (
				18A663F426B4C2A700C392B3 /* Debug */,
				18A663F526B4C2A700C392B3 /* Release */,
			);
			defaultConfigurationIsVisible = 0;
			defaultConfigurationName = Release;
		};
/* End XCConfigurationList section */
	};
	rootObject = 18A663BB26B4C2A400C392B3 /* Project object */;
}
